
Microsoft Visual Studio Solution File, Format Version 12.00
# Visual Studio Version 17
VisualStudioVersion = 17.9.34616.47
MinimumVisualStudioVersion = 10.0.40219.1
Project("{FAE04EC0-301F-11D3-BF4B-00C04F79EFBC}") = "LetterCombinationPhoneNumber", "LetterCombinationPhoneNumber\LetterCombinationPhoneNumber.csproj", "{2D01FC0E-5ACE-463B-A51C-69AF2D83D4D2}"
EndProject
Project("{FAE04EC0-301F-11D3-BF4B-00C04F79EFBC}") = "LetterCombinationUnitTests", "LetterCombinationUnitTests\LetterCombinationUnitTests.csproj", "{6FF96482-5314-4548-9C29-9889304C8CB3}"
EndProject
Global
	GlobalSection(SolutionConfigurationPlatforms) = preSolution
		Debug|Any CPU = Debug|Any CPU
		Release|Any CPU = Release|Any CPU
	EndGlobalSection
	GlobalSection(ProjectConfigurationPlatforms) = postSolution
		{2D01FC0E-5ACE-463B-A51C-69AF2D83D4D2}.Debug|Any CPU.ActiveCfg = Debug|Any CPU
		{2D01FC0E-5ACE-463B-A51C-69AF2D83D4D2}.Debug|Any CPU.Build.0 = Debug|Any CPU
		{2D01FC0E-5ACE-463B-A51C-69AF2D83D4D2}.Release|Any CPU.ActiveCfg = Release|Any CPU
		{2D01FC0E-5ACE-463B-A51C-69AF2D83D4D2}.Release|Any CPU.Build.0 = Release|Any CPU
		{6FF96482-5314-4548-9C29-9889304C8CB3}.Debug|Any CPU.ActiveCfg = Debug|Any CPU
		{6FF96482-5314-4548-9C29-9889304C8CB3}.Debug|Any CPU.Build.0 = Debug|Any CPU
		{6FF96482-5314-4548-9C29-9889304C8CB3}.Release|Any CPU.ActiveCfg = Release|Any CPU
		{6FF96482-5314-4548-9C29-9889304C8CB3}.Release|Any CPU.Build.0 = Release|Any CPU
	EndGlobalSection
	GlobalSection(SolutionProperties) = preSolution
		HideSolutionNode = FALSE
	EndGlobalSection
	GlobalSection(ExtensibilityGlobals) = postSolution
		SolutionGuid = {4197A133-6A65-45BE-BF50-6C4283BBA055}
	EndGlobalSection
EndGlobal
